
Microsoft Visual Studio Solution File, Format Version 12.00
# Visual Studio Version 17
VisualStudioVersion = 17.4.33122.133
MinimumVisualStudioVersion = 10.0.40219.1
Project("{FAE04EC0-301F-11D3-BF4B-00C04F79EFBC}") = "FileHost", "FileHost\FileHost.csproj", "{FEA85EDD-7C9B-4955-AFC5-65A7BAC38365}"
EndProject
Global
	GlobalSection(SolutionConfigurationPlatforms) = preSolution
		Debug|Any CPU = Debug|Any CPU
		Release|Any CPU = Release|Any CPU
	EndGlobalSection
	GlobalSection(ProjectConfigurationPlatforms) = postSolution
		{FEA85EDD-7C9B-4955-AFC5-65A7BAC38365}.Debug|Any CPU.ActiveCfg = Debug|Any CPU
		{FEA85EDD-7C9B-4955-AFC5-65A7BAC38365}.Debug|Any CPU.Build.0 = Debug|Any CPU
		{FEA85EDD-7C9B-4955-AFC5-65A7BAC38365}.Release|Any CPU.ActiveCfg = Release|Any CPU
		{FEA85EDD-7C9B-4955-AFC5-65A7BAC38365}.Release|Any CPU.Build.0 = Release|Any CPU
	EndGlobalSection
	GlobalSection(SolutionProperties) = preSolution
		HideSolutionNode = FALSE
	EndGlobalSection
	GlobalSection(ExtensibilityGlobals) = postSolution
		SolutionGuid = {515F4B2F-D5F5-412E-A5AB-7A094E622BFA}
	EndGlobalSection
EndGlobal
